
Microsoft Visual Studio Solution File, Format Version 12.00
# Visual Studio Version 16
VisualStudioVersion = 16.0.30309.148
MinimumVisualStudioVersion = 10.0.40219.1
Project("{9A19103F-16F7-4668-BE54-9A1E7A4F7556}") = "EfScaffold", "EfScaffold.csproj", "{D5BB9E56-6D5F-41E0-BEF1-674B9AE5AC16}"
EndProject
Global
	GlobalSection(SolutionConfigurationPlatforms) = preSolution
		Debug|Any CPU = Debug|Any CPU
		Release|Any CPU = Release|Any CPU
	EndGlobalSection
	GlobalSection(ProjectConfigurationPlatforms) = postSolution
		{D5BB9E56-6D5F-41E0-BEF1-674B9AE5AC16}.Debug|Any CPU.ActiveCfg = Debug|Any CPU
		{D5BB9E56-6D5F-41E0-BEF1-674B9AE5AC16}.Debug|Any CPU.Build.0 = Debug|Any CPU
		{D5BB9E56-6D5F-41E0-BEF1-674B9AE5AC16}.Release|Any CPU.ActiveCfg = Release|Any CPU
		{D5BB9E56-6D5F-41E0-BEF1-674B9AE5AC16}.Release|Any CPU.Build.0 = Release|Any CPU
	EndGlobalSection
	GlobalSection(SolutionProperties) = preSolution
		HideSolutionNode = FALSE
	EndGlobalSection
	GlobalSection(ExtensibilityGlobals) = postSolution
		SolutionGuid = {9633E026-AC0E-4C70-8481-C5AF7AD691A3}
	EndGlobalSection
EndGlobal
